
Microsoft Visual Studio Solution File, Format Version 12.00
# Visual Studio Version 17
VisualStudioVersion = 17.5.33627.172
MinimumVisualStudioVersion = 10.0.40219.1
Project("{FAE04EC0-301F-11D3-BF4B-00C04F79EFBC}") = "WireGuardCommand", "WireGuardCommand\WireGuardCommand.csproj", "{F130D11C-0B38-4C0D-8C83-1A8FC6BFAF7E}"
EndProject
Global
	GlobalSection(SolutionConfigurationPlatforms) = preSolution
		Debug|Any CPU = Debug|Any CPU
		Release|Any CPU = Release|Any CPU
	EndGlobalSection
	GlobalSection(ProjectConfigurationPlatforms) = postSolution
		{F130D11C-0B38-4C0D-8C83-1A8FC6BFAF7E}.Debug|Any CPU.ActiveCfg = Debug|Any CPU
		{F130D11C-0B38-4C0D-8C83-1A8FC6BFAF7E}.Debug|Any CPU.Build.0 = Debug|Any CPU
		{F130D11C-0B38-4C0D-8C83-1A8FC6BFAF7E}.Release|Any CPU.ActiveCfg = Release|Any CPU
		{F130D11C-0B38-4C0D-8C83-1A8FC6BFAF7E}.Release|Any CPU.Build.0 = Release|Any CPU
	EndGlobalSection
	GlobalSection(SolutionProperties) = preSolution
		HideSolutionNode = FALSE
	EndGlobalSection
	GlobalSection(ExtensibilityGlobals) = postSolution
		SolutionGuid = {0C062393-A5F8-43FB-95C2-2CAB6C7B9056}
	EndGlobalSection
EndGlobal
